
Microsoft Visual Studio Solution File, Format Version 12.00
# Visual Studio Version 16
VisualStudioVersion = 16.0.32407.337
MinimumVisualStudioVersion = 10.0.40219.1
Project("{FAE04EC0-301F-11D3-BF4B-00C04F79EFBC}") = "Lab.TP7.UI", "Lab.EF.UI\Lab.TP7.UI.csproj", "{B260692A-A593-4F3F-B943-1A79740B3025}"
EndProject
Project("{FAE04EC0-301F-11D3-BF4B-00C04F79EFBC}") = "Lab.TP7.Logic", "Lab.EF.Logic\Lab.TP7.Logic.csproj", "{7BED0625-59CF-4E3F-911F-24547E12E217}"
EndProject
Project("{FAE04EC0-301F-11D3-BF4B-00C04F79EFBC}") = "Lab.TP7.Data", "Lab.EF.Data\Lab.TP7.Data.csproj", "{3E46FF6E-02B3-4729-82AD-5F395F10B0DC}"
EndProject
Project("{FAE04EC0-301F-11D3-BF4B-00C04F79EFBC}") = "Lab.TP7.Entities", "Lab.EF.Entities\Lab.TP7.Entities.csproj", "{40A577D8-CE68-4A9F-965A-93E80B12E6E4}"
EndProject
Project("{FAE04EC0-301F-11D3-BF4B-00C04F79EFBC}") = "Lab.TP7.MVC", "Lab.TP6.MVC\Lab.TP7.MVC.csproj", "{D42FE0B6-EC85-4373-9EF7-42ED834054CD}"
EndProject
Project("{FAE04EC0-301F-11D3-BF4B-00C04F79EFBC}") = "Lab.TP8.Api", "Lab.TP8.Api\Lab.TP8.Api.csproj", "{AAE28CEC-043D-40A0-B084-65CBB27A224F}"
EndProject
Global
	GlobalSection(SolutionConfigurationPlatforms) = preSolution
		Debug|Any CPU = Debug|Any CPU
		Release|Any CPU = Release|Any CPU
	EndGlobalSection
	GlobalSection(ProjectConfigurationPlatforms) = postSolution
		{B260692A-A593-4F3F-B943-1A79740B3025}.Debug|Any CPU.ActiveCfg = Debug|Any CPU
		{B260692A-A593-4F3F-B943-1A79740B3025}.Debug|Any CPU.Build.0 = Debug|Any CPU
		{B260692A-A593-4F3F-B943-1A79740B3025}.Release|Any CPU.ActiveCfg = Release|Any CPU
		{B260692A-A593-4F3F-B943-1A79740B3025}.Release|Any CPU.Build.0 = Release|Any CPU
		{7BED0625-59CF-4E3F-911F-24547E12E217}.Debug|Any CPU.ActiveCfg = Debug|Any CPU
		{7BED0625-59CF-4E3F-911F-24547E12E217}.Debug|Any CPU.Build.0 = Debug|Any CPU
		{7BED0625-59CF-4E3F-911F-24547E12E217}.Release|Any CPU.ActiveCfg = Release|Any CPU
		{7BED0625-59CF-4E3F-911F-24547E12E217}.Release|Any CPU.Build.0 = Release|Any CPU
		{3E46FF6E-02B3-4729-82AD-5F395F10B0DC}.Debug|Any CPU.ActiveCfg = Debug|Any CPU
		{3E46FF6E-02B3-4729-82AD-5F395F10B0DC}.Debug|Any CPU.Build.0 = Debug|Any CPU
		{3E46FF6E-02B3-4729-82AD-5F395F10B0DC}.Release|Any CPU.ActiveCfg = Release|Any CPU
		{3E46FF6E-02B3-4729-82AD-5F395F10B0DC}.Release|Any CPU.Build.0 = Release|Any CPU
		{40A577D8-CE68-4A9F-965A-93E80B12E6E4}.Debug|Any CPU.ActiveCfg = Debug|Any CPU
		{40A577D8-CE68-4A9F-965A-93E80B12E6E4}.Debug|Any CPU.Build.0 = Debug|Any CPU
		{40A577D8-CE68-4A9F-965A-93E80B12E6E4}.Release|Any CPU.ActiveCfg = Release|Any CPU
		{40A577D8-CE68-4A9F-965A-93E80B12E6E4}.Release|Any CPU.Build.0 = Release|Any CPU
		{D42FE0B6-EC85-4373-9EF7-42ED834054CD}.Debug|Any CPU.ActiveCfg = Debug|Any CPU
		{D42FE0B6-EC85-4373-9EF7-42ED834054CD}.Debug|Any CPU.Build.0 = Debug|Any CPU
		{D42FE0B6-EC85-4373-9EF7-42ED834054CD}.Release|Any CPU.ActiveCfg = Release|Any CPU
		{D42FE0B6-EC85-4373-9EF7-42ED834054CD}.Release|Any CPU.Build.0 = Release|Any CPU
		{AAE28CEC-043D-40A0-B084-65CBB27A224F}.Debug|Any CPU.ActiveCfg = Debug|Any CPU
		{AAE28CEC-043D-40A0-B084-65CBB27A224F}.Debug|Any CPU.Build.0 = Debug|Any CPU
		{AAE28CEC-043D-40A0-B084-65CBB27A224F}.Release|Any CPU.ActiveCfg = Release|Any CPU
		{AAE28CEC-043D-40A0-B084-65CBB27A224F}.Release|Any CPU.Build.0 = Release|Any CPU
	EndGlobalSection
	GlobalSection(SolutionProperties) = preSolution
		HideSolutionNode = FALSE
	EndGlobalSection
	GlobalSection(ExtensibilityGlobals) = postSolution
		SolutionGuid = {573AA3EF-1F2D-476F-BE6F-102B34F25894}
	EndGlobalSection
EndGlobal
